// !$*UTF8*$!
{
	archiveVersion = 1;
	classes = {
	};
	objectVersion = 56;
	objects = {

/* Begin PBXBuildFile section */
		3357E8092CF2470400C989A0 /* AppDelegate.m in Sources */ = {isa = PBXBuildFile; fileRef = 3357E8082CF2470400C989A0 /* AppDelegate.m */; };
		3357E80C2CF2470400C989A0 /* SceneDelegate.m in Sources */ = {isa = PBXBuildFile; fileRef = 3357E80B2CF2470400C989A0 /* SceneDelegate.m */; };
		3357E80F2CF2470400C989A0 /* ViewController.m in Sources */ = {isa = PBXBuildFile; fileRef = 3357E80E2CF2470400C989A0 /* ViewController.m */; };
		3357E8122CF2470400C989A0 /* Base in Resources */ = {isa = PBXBuildFile; fileRef = 3357E8112CF2470400C989A0 /* Base */; };
		3357E8142CF2470700C989A0 /* Assets.xcassets in Resources */ = {isa = PBXBuildFile; fileRef = 3357E8132CF2470700C989A0 /* Assets.xcassets */; };
		3357E8172CF2470700C989A0 /* Base in Resources */ = {isa = PBXBuildFile; fileRef = 3357E8162CF2470700C989A0 /* Base */; };
		3357E81A2CF2470700C989A0 /* main.m in Sources */ = {isa = PBXBuildFile; fileRef = 3357E8192CF2470700C989A0 /* main.m */; };
		3357E8242CF2470800C989A0 /* text_makerTests.m in Sources */ = {isa = PBXBuildFile; fileRef = 3357E8232CF2470800C989A0 /* text_makerTests.m */; };
		3357E82E2CF2470800C989A0 /* text_makerUITests.m in Sources */ = {isa = PBXBuildFile; fileRef = 3357E82D2CF2470800C989A0 /* text_makerUITests.m */; };
		3357E8302CF2470800C989A0 /* text_makerUITestsLaunchTests.m in Sources */ = {isa = PBXBuildFile; fileRef = 3357E82F2CF2470800C989A0 /* text_makerUITestsLaunchTests.m */; };
		3357E83E2CF2485400C989A0 /* Honk-Regular.ttf in Resources */ = {isa = PBXBuildFile; fileRef = 3357E83D2CF2485400C989A0 /* Honk-Regular.ttf */; };
		3357E83F2CF2485400C989A0 /* Honk-Regular.ttf in Resources */ = {isa = PBXBuildFile; fileRef = 3357E83D2CF2485400C989A0 /* Honk-Regular.ttf */; };
		3357E8402CF2485400C989A0 /* Honk-Regular.ttf in Resources */ = {isa = PBXBuildFile; fileRef = 3357E83D2CF2485400C989A0 /* Honk-Regular.ttf */; };
		3357E8422CF2485E00C989A0 /* OriginalSurfer-Regular.ttf in Resources */ = {isa = PBXBuildFile; fileRef = 3357E8412CF2485E00C989A0 /* OriginalSurfer-Regular.ttf */; };
		3357E8432CF2485E00C989A0 /* OriginalSurfer-Regular.ttf in Resources */ = {isa = PBXBuildFile; fileRef = 3357E8412CF2485E00C989A0 /* OriginalSurfer-Regular.ttf */; };
		3357E8442CF2485E00C989A0 /* OriginalSurfer-Regular.ttf in Resources */ = {isa = PBXBuildFile; fileRef = 3357E8412CF2485E00C989A0 /* OriginalSurfer-Regular.ttf */; };
		3357E8472CF2486C00C989A0 /* RubikGlitch-Regular.ttf in Resources */ = {isa = PBXBuildFile; fileRef = 3357E8452CF2486C00C989A0 /* RubikGlitch-Regular.ttf */; };
		3357E8482CF2486C00C989A0 /* RubikGlitch-Regular.ttf in Resources */ = {isa = PBXBuildFile; fileRef = 3357E8452CF2486C00C989A0 /* RubikGlitch-Regular.ttf */; };
		3357E8492CF2486C00C989A0 /* RubikGlitch-Regular.ttf in Resources */ = {isa = PBXBuildFile; fileRef = 3357E8452CF2486C00C989A0 /* RubikGlitch-Regular.ttf */; };
		3357E84A2CF2486C00C989A0 /* RubikPuddles-Regular.ttf in Resources */ = {isa = PBXBuildFile; fileRef = 3357E8462CF2486C00C989A0 /* RubikPuddles-Regular.ttf */; };
		3357E84B2CF2486C00C989A0 /* RubikPuddles-Regular.ttf in Resources */ = {isa = PBXBuildFile; fileRef = 3357E8462CF2486C00C989A0 /* RubikPuddles-Regular.ttf */; };
		3357E84C2CF2486C00C989A0 /* RubikPuddles-Regular.ttf in Resources */ = {isa = PBXBuildFile; fileRef = 3357E8462CF2486C00C989A0 /* RubikPuddles-Regular.ttf */; };
/* End PBXBuildFile section */

/* Begin PBXContainerItemProxy section */
		3357E8202CF2470800C989A0 /* PBXContainerItemProxy */ = {
			isa = PBXContainerItemProxy;
			containerPortal = 3357E7FC2CF2470400C989A0 /* Project object */;
			proxyType = 1;
			remoteGlobalIDString = 3357E8032CF2470400C989A0;
			remoteInfo = "text-maker";
		};
		3357E82A2CF2470800C989A0 /* PBXContainerItemProxy */ = {
			isa = PBXContainerItemProxy;
			containerPortal = 3357E7FC2CF2470400C989A0 /* Project object */;
			proxyType = 1;
			remoteGlobalIDString = 3357E8032CF2470400C989A0;
			remoteInfo = "text-maker";
		};
/* End PBXContainerItemProxy section */

/* Begin PBXFileReference section */
		3357E8042CF2470400C989A0 /* text-maker.app */ = {isa = PBXFileReference; explicitFileType = wrapper.application; includeInIndex = 0; path = "text-maker.app"; sourceTree = BUILT_PRODUCTS_DIR; };
		3357E8072CF2470400C989A0 /* AppDelegate.h */ = {isa = PBXFileReference; lastKnownFileType = sourcecode.c.h; path = AppDelegate.h; sourceTree = "<group>"; };
		3357E8082CF2470400C989A0 /* AppDelegate.m */ = {isa = PBXFileReference; lastKnownFileType = sourcecode.c.objc; path = AppDelegate.m; sourceTree = "<group>"; };
		3357E80A2CF2470400C989A0 /* SceneDelegate.h */ = {isa = PBXFileReference; lastKnownFileType = sourcecode.c.h; path = SceneDelegate.h; sourceTree = "<group>"; };
		3357E80B2CF2470400C989A0 /* SceneDelegate.m */ = {isa = PBXFileReference; lastKnownFileType = sourcecode.c.objc; path = SceneDelegate.m; sourceTree = "<group>"; };
		3357E80D2CF2470400C989A0 /* ViewController.h */ = {isa = PBXFileReference; lastKnownFileType = sourcecode.c.h; path = ViewController.h; sourceTree = "<group>"; };
		3357E80E2CF2470400C989A0 /* ViewController.m */ = {isa = PBXFileReference; lastKnownFileType = sourcecode.c.objc; path = ViewController.m; sourceTree = "<group>"; };
		3357E8112CF2470400C989A0 /* Base */ = {isa = PBXFileReference; lastKnownFileType = file.storyboard; name = Base; path = Base.lproj/Main.storyboard; sourceTree = "<group>"; };
		3357E8132CF2470700C989A0 /* Assets.xcassets */ = {isa = PBXFileReference; lastKnownFileType = folder.assetcatalog; path = Assets.xcassets; sourceTree = "<group>"; };
		3357E8162CF2470700C989A0 /* Base */ = {isa = PBXFileReference; lastKnownFileType = file.storyboard; name = Base; path = Base.lproj/LaunchScreen.storyboard; sourceTree = "<group>"; };
		3357E8182CF2470700C989A0 /* Info.plist */ = {isa = PBXFileReference; lastKnownFileType = text.plist.xml; path = Info.plist; sourceTree = "<group>"; };
		3357E8192CF2470700C989A0 /* main.m */ = {isa = PBXFileReference; lastKnownFileType = sourcecode.c.objc; path = main.m; sourceTree = "<group>"; };
		3357E81F2CF2470800C989A0 /* text-makerTests.xctest */ = {isa = PBXFileReference; explicitFileType = wrapper.cfbundle; includeInIndex = 0; path = "text-makerTests.xctest"; sourceTree = BUILT_PRODUCTS_DIR; };
		3357E8232CF2470800C989A0 /* text_makerTests.m */ = {isa = PBXFileReference; lastKnownFileType = sourcecode.c.objc; path = text_makerTests.m; sourceTree = "<group>"; };
		3357E8292CF2470800C989A0 /* text-makerUITests.xctest */ = {isa = PBXFileReference; explicitFileType = wrapper.cfbundle; includeInIndex = 0; path = "text-makerUITests.xctest"; sourceTree = BUILT_PRODUCTS_DIR; };
		3357E82D2CF2470800C989A0 /* text_makerUITests.m */ = {isa = PBXFileReference; lastKnownFileType = sourcecode.c.objc; path = text_makerUITests.m; sourceTree = "<group>"; };
		3357E82F2CF2470800C989A0 /* text_makerUITestsLaunchTests.m */ = {isa = PBXFileReference; lastKnownFileType = sourcecode.c.objc; path = text_makerUITestsLaunchTests.m; sourceTree = "<group>"; };
		3357E83D2CF2485400C989A0 /* Honk-Regular.ttf */ = {isa = PBXFileReference; lastKnownFileType = file; path = "Honk-Regular.ttf"; sourceTree = "<group>"; };
		3357E8412CF2485E00C989A0 /* OriginalSurfer-Regular.ttf */ = {isa = PBXFileReference; lastKnownFileType = file; path = "OriginalSurfer-Regular.ttf"; sourceTree = "<group>"; };
		3357E8452CF2486C00C989A0 /* RubikGlitch-Regular.ttf */ = {isa = PBXFileReference; lastKnownFileType = file; path = "RubikGlitch-Regular.ttf"; sourceTree = "<group>"; };
		3357E8462CF2486C00C989A0 /* RubikPuddles-Regular.ttf */ = {isa = PBXFileReference; lastKnownFileType = file; path = "RubikPuddles-Regular.ttf"; sourceTree = "<group>"; };
/* End PBXFileReference section */

/* Begin PBXFrameworksBuildPhase section */
		3357E8012CF2470400C989A0 /* Frameworks */ = {
			isa = PBXFrameworksBuildPhase;
			buildActionMask = 2147483647;
			files = (
			);
			runOnlyForDeploymentPostprocessing = 0;
		};
		3357E81C2CF2470800C989A0 /* Frameworks */ = {
			isa = PBXFrameworksBuildPhase;
			buildActionMask = 2147483647;
			files = (
			);
			runOnlyForDeploymentPostprocessing = 0;
		};
		3357E8262CF2470800C989A0 /* Frameworks */ = {
			isa = PBXFrameworksBuildPhase;
			buildActionMask = 2147483647;
			files = (
			);
			runOnlyForDeploymentPostprocessing = 0;
		};
/* End PBXFrameworksBuildPhase section */

/* Begin PBXGroup section */
		3357E7FB2CF2470400C989A0 = {
			isa = PBXGroup;
			children = (
				3357E8062CF2470400C989A0 /* text-maker */,
				3357E8222CF2470800C989A0 /* text-makerTests */,
				3357E82C2CF2470800C989A0 /* text-makerUITests */,
				3357E8052CF2470400C989A0 /* Products */,
			);
			sourceTree = "<group>";
		};
		3357E8052CF2470400C989A0 /* Products */ = {
			isa = PBXGroup;
			children = (
				3357E8042CF2470400C989A0 /* text-maker.app */,
				3357E81F2CF2470800C989A0 /* text-makerTests.xctest */,
				3357E8292CF2470800C989A0 /* text-makerUITests.xctest */,
			);
			name = Products;
			sourceTree = "<group>";
		};
		3357E8062CF2470400C989A0 /* text-maker */ = {
			isa = PBXGroup;
			children = (
				3357E83C2CF2474900C989A0 /* fonts */,
				3357E8072CF2470400C989A0 /* AppDelegate.h */,
				3357E8082CF2470400C989A0 /* AppDelegate.m */,
				3357E80A2CF2470400C989A0 /* SceneDelegate.h */,
				3357E80B2CF2470400C989A0 /* SceneDelegate.m */,
				3357E80D2CF2470400C989A0 /* ViewController.h */,
				3357E80E2CF2470400C989A0 /* ViewController.m */,
				3357E8102CF2470400C989A0 /* Main.storyboard */,
				3357E8132CF2470700C989A0 /* Assets.xcassets */,
				3357E8152CF2470700C989A0 /* LaunchScreen.storyboard */,
				3357E8182CF2470700C989A0 /* Info.plist */,
				3357E8192CF2470700C989A0 /* main.m */,
			);
			path = "text-maker";
			sourceTree = "<group>";
		};
		3357E8222CF2470800C989A0 /* text-makerTests */ = {
			isa = PBXGroup;
			children = (
				3357E8232CF2470800C989A0 /* text_makerTests.m */,
			);
			path = "text-makerTests";
			sourceTree = "<group>";
		};
		3357E82C2CF2470800C989A0 /* text-makerUITests */ = {
			isa = PBXGroup;
			children = (
				3357E82D2CF2470800C989A0 /* text_makerUITests.m */,
				3357E82F2CF2470800C989A0 /* text_makerUITestsLaunchTests.m */,
			);
			path = "text-makerUITests";
			sourceTree = "<group>";
		};
		3357E83C2CF2474900C989A0 /* fonts */ = {
			isa = PBXGroup;
			children = (
				3357E8452CF2486C00C989A0 /* RubikGlitch-Regular.ttf */,
				3357E8462CF2486C00C989A0 /* RubikPuddles-Regular.ttf */,
				3357E8412CF2485E00C989A0 /* OriginalSurfer-Regular.ttf */,
				3357E83D2CF2485400C989A0 /* Honk-Regular.ttf */,
			);
			path = fonts;
			sourceTree = "<group>";
		};
/* End PBXGroup section */

/* Begin PBXNativeTarget section */
		3357E8032CF2470400C989A0 /* text-maker */ = {
			isa = PBXNativeTarget;
			buildConfigurationList = 3357E8332CF2470800C989A0 /* Build configuration list for PBXNativeTarget "text-maker" */;
			buildPhases = (
				3357E8002CF2470400C989A0 /* Sources */,
				3357E8012CF2470400C989A0 /* Frameworks */,
				3357E8022CF2470400C989A0 /* Resources */,
			);
			buildRules = (
			);
			dependencies = (
			);
			name = "text-maker";
			productName = "text-maker";
			productReference = 3357E8042CF2470400C989A0 /* text-maker.app */;
			productType = "com.apple.product-type.application";
		};
		3357E81E2CF2470800C989A0 /* text-makerTests */ = {
			isa = PBXNativeTarget;
			buildConfigurationList = 3357E8362CF2470800C989A0 /* Build configuration list for PBXNativeTarget "text-makerTests" */;
			buildPhases = (
				3357E81B2CF2470800C989A0 /* Sources */,
				3357E81C2CF2470800C989A0 /* Frameworks */,
				3357E81D2CF2470800C989A0 /* Resources */,
			);
			buildRules = (
			);
			dependencies = (
				3357E8212CF2470800C989A0 /* PBXTargetDependency */,
			);
			name = "text-makerTests";
			productName = "text-makerTests";
			productReference = 3357E81F2CF2470800C989A0 /* text-makerTests.xctest */;
			productType = "com.apple.product-type.bundle.unit-test";
		};
		3357E8282CF2470800C989A0 /* text-makerUITests */ = {
			isa = PBXNativeTarget;
			buildConfigurationList = 3357E8392CF2470800C989A0 /* Build configuration list for PBXNativeTarget "text-makerUITests" */;
			buildPhases = (
				3357E8252CF2470800C989A0 /* Sources */,
				3357E8262CF2470800C989A0 /* Frameworks */,
				3357E8272CF2470800C989A0 /* Resources */,
			);
			buildRules = (
			);
			dependencies = (
				3357E82B2CF2470800C989A0 /* PBXTargetDependency */,
			);
			name = "text-makerUITests";
			productName = "text-makerUITests";
			productReference = 3357E8292CF2470800C989A0 /* text-makerUITests.xctest */;
			productType = "com.apple.product-type.bundle.ui-testing";
		};
/* End PBXNativeTarget section */

/* Begin PBXProject section */
		3357E7FC2CF2470400C989A0 /* Project object */ = {
			isa = PBXProject;
			attributes = {
				BuildIndependentTargetsInParallel = 1;
				LastUpgradeCheck = 1540;
				TargetAttributes = {
					3357E8032CF2470400C989A0 = {
						CreatedOnToolsVersion = 15.4;
					};
					3357E81E2CF2470800C989A0 = {
						CreatedOnToolsVersion = 15.4;
						TestTargetID = 3357E8032CF2470400C989A0;
					};
					3357E8282CF2470800C989A0 = {
						CreatedOnToolsVersion = 15.4;
						TestTargetID = 3357E8032CF2470400C989A0;
					};
				};
			};
			buildConfigurationList = 3357E7FF2CF2470400C989A0 /* Build configuration list for PBXProject "text-maker" */;
			compatibilityVersion = "Xcode 14.0";
			developmentRegion = en;
			hasScannedForEncodings = 0;
			knownRegions = (
				en,
				Base,
			);
			mainGroup = 3357E7FB2CF2470400C989A0;
			productRefGroup = 3357E8052CF2470400C989A0 /* Products */;
			projectDirPath = "";
			projectRoot = "";
			targets = (
				3357E8032CF2470400C989A0 /* text-maker */,
				3357E81E2CF2470800C989A0 /* text-makerTests */,
				3357E8282CF2470800C989A0 /* text-makerUITests */,
			);
		};
/* End PBXProject section */

/* Begin PBXResourcesBuildPhase section */
		3357E8022CF2470400C989A0 /* Resources */ = {
			isa = PBXResourcesBuildPhase;
			buildActionMask = 2147483647;
			files = (
				3357E84A2CF2486C00C989A0 /* RubikPuddles-Regular.ttf in Resources */,
				3357E8142CF2470700C989A0 /* Assets.xcassets in Resources */,
				3357E8172CF2470700C989A0 /* Base in Resources */,
				3357E8422CF2485E00C989A0 /* OriginalSurfer-Regular.ttf in Resources */,
				3357E8122CF2470400C989A0 /* Base in Resources */,
				3357E8472CF2486C00C989A0 /* RubikGlitch-Regular.ttf in Resources */,
				3357E83E2CF2485400C989A0 /* Honk-Regular.ttf in Resources */,
			);
			runOnlyForDeploymentPostprocessing = 0;
		};
		3357E81D2CF2470800C989A0 /* Resources */ = {
			isa = PBXResourcesBuildPhase;
			buildActionMask = 2147483647;
			files = (
				3357E83F2CF2485400C989A0 /* Honk-Regular.ttf in Resources */,
				3357E84B2CF2486C00C989A0 /* RubikPuddles-Regular.ttf in Resources */,
				3357E8482CF2486C00C989A0 /* RubikGlitch-Regular.ttf in Resources */,
				3357E8432CF2485E00C989A0 /* OriginalSurfer-Regular.ttf in Resources */,
			);
			runOnlyForDeploymentPostprocessing = 0;
		};
		3357E8272CF2470800C989A0 /* Resources */ = {
			isa = PBXResourcesBuildPhase;
			buildActionMask = 2147483647;
			files = (
				3357E8402CF2485400C989A0 /* Honk-Regular.ttf in Resources */,
				3357E84C2CF2486C00C989A0 /* RubikPuddles-Regular.ttf in Resources */,
				3357E8492CF2486C00C989A0 /* RubikGlitch-Regular.ttf in Resources */,
				3357E8442CF2485E00C989A0 /* OriginalSurfer-Regular.ttf in Resources */,
			);
			runOnlyForDeploymentPostprocessing = 0;
		};
/* End PBXResourcesBuildPhase section */

/* Begin PBXSourcesBuildPhase section */
		3357E8002CF2470400C989A0 /* Sources */ = {
			isa = PBXSourcesBuildPhase;
			buildActionMask = 2147483647;
			files = (
				3357E80F2CF2470400C989A0 /* ViewController.m in Sources */,
				3357E8092CF2470400C989A0 /* AppDelegate.m in Sources */,
				3357E81A2CF2470700C989A0 /* main.m in Sources */,
				3357E80C2CF2470400C989A0 /* SceneDelegate.m in Sources */,
			);
			runOnlyForDeploymentPostprocessing = 0;
		};
		3357E81B2CF2470800C989A0 /* Sources */ = {
			isa = PBXSourcesBuildPhase;
			buildActionMask = 2147483647;
			files = (
				3357E8242CF2470800C989A0 /* text_makerTests.m in Sources */,
			);
			runOnlyForDeploymentPostprocessing = 0;
		};
		3357E8252CF2470800C989A0 /* Sources */ = {
			isa = PBXSourcesBuildPhase;
			buildActionMask = 2147483647;
			files = (
				3357E8302CF2470800C989A0 /* text_makerUITestsLaunchTests.m in Sources */,
				3357E82E2CF2470800C989A0 /* text_makerUITests.m in Sources */,
			);
			runOnlyForDeploymentPostprocessing = 0;
		};
/* End PBXSourcesBuildPhase section */

/* Begin PBXTargetDependency section */
		3357E8212CF2470800C989A0 /* PBXTargetDependency */ = {
			isa = PBXTargetDependency;
			target = 3357E8032CF2470400C989A0 /* text-maker */;
			targetProxy = 3357E8202CF2470800C989A0 /* PBXContainerItemProxy */;
		};
		3357E82B2CF2470800C989A0 /* PBXTargetDependency */ = {
			isa = PBXTargetDependency;
			target = 3357E8032CF2470400C989A0 /* text-maker */;
			targetProxy = 3357E82A2CF2470800C989A0 /* PBXContainerItemProxy */;
		};
/* End PBXTargetDependency section */

/* Begin PBXVariantGroup section */
		3357E8102CF2470400C989A0 /* Main.storyboard */ = {
			isa = PBXVariantGroup;
			children = (
				3357E8112CF2470400C989A0 /* Base */,
			);
			name = Main.storyboard;
			sourceTree = "<group>";
		};
		3357E8152CF2470700C989A0 /* LaunchScreen.storyboard */ = {
			isa = PBXVariantGroup;
			children = (
				3357E8162CF2470700C989A0 /* Base */,
			);
			name = LaunchScreen.storyboard;
			sourceTree = "<group>";
		};
/* End PBXVariantGroup section */

/* Begin XCBuildConfiguration section */
		3357E8312CF2470800C989A0 /* Debug */ = {
			isa = XCBuildConfiguration;
			buildSettings = {
				ALWAYS_SEARCH_USER_PATHS = NO;
				ASSETCATALOG_COMPILER_GENERATE_SWIFT_ASSET_SYMBOL_EXTENSIONS = YES;
				CLANG_ANALYZER_NONNULL = YES;
				CLANG_ANALYZER_NUMBER_OBJECT_CONVERSION = YES_AGGRESSIVE;
				CLANG_CXX_LANGUAGE_STANDARD = "gnu++20";
				CLANG_ENABLE_MODULES = YES;
				CLANG_ENABLE_OBJC_ARC = YES;
				CLANG_ENABLE_OBJC_WEAK = YES;
				CLANG_WARN_BLOCK_CAPTURE_AUTORELEASING = YES;
				CLANG_WARN_BOOL_CONVERSION = YES;
				CLANG_WARN_COMMA = YES;
				CLANG_WARN_CONSTANT_CONVERSION = YES;
				CLANG_WARN_DEPRECATED_OBJC_IMPLEMENTATIONS = YES;
				CLANG_WARN_DIRECT_OBJC_ISA_USAGE = YES_ERROR;
				CLANG_WARN_DOCUMENTATION_COMMENTS = YES;
				CLANG_WARN_EMPTY_BODY = YES;
				CLANG_WARN_ENUM_CONVERSION = YES;
				CLANG_WARN_INFINITE_RECURSION = YES;
				CLANG_WARN_INT_CONVERSION = YES;
				CLANG_WARN_NON_LITERAL_NULL_CONVERSION = YES;
				CLANG_WARN_OBJC_IMPLICIT_RETAIN_SELF = YES;
				CLANG_WARN_OBJC_LITERAL_CONVERSION = YES;
				CLANG_WARN_OBJC_ROOT_CLASS = YES_ERROR;
				CLANG_WARN_QUOTED_INCLUDE_IN_FRAMEWORK_HEADER = YES;
				CLANG_WARN_RANGE_LOOP_ANALYSIS = YES;
				CLANG_WARN_STRICT_PROTOTYPES = YES;
				CLANG_WARN_SUSPICIOUS_MOVE = YES;
				CLANG_WARN_UNGUARDED_AVAILABILITY = YES_AGGRESSIVE;
				CLANG_WARN_UNREACHABLE_CODE = YES;
				CLANG_WARN__DUPLICATE_METHOD_MATCH = YES;
				COPY_PHASE_STRIP = NO;
				DEBUG_INFORMATION_FORMAT = dwarf;
				ENABLE_STRICT_OBJC_MSGSEND = YES;
				ENABLE_TESTABILITY = YES;
				ENABLE_USER_SCRIPT_SANDBOXING = YES;
				GCC_C_LANGUAGE_STANDARD = gnu17;
				GCC_DYNAMIC_NO_PIC = NO;
				GCC_NO_COMMON_BLOCKS = YES;
				GCC_OPTIMIZATION_LEVEL = 0;
				GCC_PREPROCESSOR_DEFINITIONS = (
					"DEBUG=1",
					"$(inherited)",
				);
				GCC_WARN_64_TO_32_BIT_CONVERSION = YES;
				GCC_WARN_ABOUT_RETURN_TYPE = YES_ERROR;
				GCC_WARN_UNDECLARED_SELECTOR = YES;
				GCC_WARN_UNINITIALIZED_AUTOS = YES_AGGRESSIVE;
				GCC_WARN_UNUSED_FUNCTION = YES;
				GCC_WARN_UNUSED_VARIABLE = YES;
				IPHONEOS_DEPLOYMENT_TARGET = 17.5;
				LOCALIZATION_PREFERS_STRING_CATALOGS = YES;
				MTL_ENABLE_DEBUG_INFO = INCLUDE_SOURCE;
				MTL_FAST_MATH = YES;
				ONLY_ACTIVE_ARCH = YES;
				SDKROOT = iphoneos;
			};
			name = Debug;
		};
		3357E8322CF2470800C989A0 /* Release */ = {
			isa = XCBuildConfiguration;
			buildSettings = {
				ALWAYS_SEARCH_USER_PATHS = NO;
				ASSETCATALOG_COMPILER_GENERATE_SWIFT_ASSET_SYMBOL_EXTENSIONS = YES;
				CLANG_ANALYZER_NONNULL = YES;
				CLANG_ANALYZER_NUMBER_OBJECT_CONVERSION = YES_AGGRESSIVE;
				CLANG_CXX_LANGUAGE_STANDARD = "gnu++20";
				CLANG_ENABLE_MODULES = YES;
				CLANG_ENABLE_OBJC_ARC = YES;
				CLANG_ENABLE_OBJC_WEAK = YES;
				CLANG_WARN_BLOCK_CAPTURE_AUTORELEASING = YES;
				CLANG_WARN_BOOL_CONVERSION = YES;
				CLANG_WARN_COMMA = YES;
				CLANG_WARN_CONSTANT_CONVERSION = YES;
				CLANG_WARN_DEPRECATED_OBJC_IMPLEMENTATIONS = YES;
				CLANG_WARN_DIRECT_OBJC_ISA_USAGE = YES_ERROR;
				CLANG_WARN_DOCUMENTATION_COMMENTS = YES;
				CLANG_WARN_EMPTY_BODY = YES;
				CLANG_WARN_ENUM_CONVERSION = YES;
				CLANG_WARN_INFINITE_RECURSION = YES;
				CLANG_WARN_INT_CONVERSION = YES;
				CLANG_WARN_NON_LITERAL_NULL_CONVERSION = YES;
				CLANG_WARN_OBJC_IMPLICIT_RETAIN_SELF = YES;
				CLANG_WARN_OBJC_LITERAL_CONVERSION = YES;
				CLANG_WARN_OBJC_ROOT_CLASS = YES_ERROR;
				CLANG_WARN_QUOTED_INCLUDE_IN_FRAMEWORK_HEADER = YES;
				CLANG_WARN_RANGE_LOOP_ANALYSIS = YES;
				CLANG_WARN_STRICT_PROTOTYPES = YES;
				CLANG_WARN_SUSPICIOUS_MOVE = YES;
				CLANG_WARN_UNGUARDED_AVAILABILITY = YES_AGGRESSIVE;
				CLANG_WARN_UNREACHABLE_CODE = YES;
				CLANG_WARN__DUPLICATE_METHOD_MATCH = YES;
				COPY_PHASE_STRIP = NO;
				DEBUG_INFORMATION_FORMAT = "dwarf-with-dsym";
				ENABLE_NS_ASSERTIONS = NO;
				ENABLE_STRICT_OBJC_MSGSEND = YES;
				ENABLE_USER_SCRIPT_SANDBOXING = YES;
				GCC_C_LANGUAGE_STANDARD = gnu17;
				GCC_NO_COMMON_BLOCKS = YES;
				GCC_WARN_64_TO_32_BIT_CONVERSION = YES;
				GCC_WARN_ABOUT_RETURN_TYPE = YES_ERROR;
				GCC_WARN_UNDECLARED_SELECTOR = YES;
				GCC_WARN_UNINITIALIZED_AUTOS = YES_AGGRESSIVE;
				GCC_WARN_UNUSED_FUNCTION = YES;
				GCC_WARN_UNUSED_VARIABLE = YES;
				IPHONEOS_DEPLOYMENT_TARGET = 17.5;
				LOCALIZATION_PREFERS_STRING_CATALOGS = YES;
				MTL_ENABLE_DEBUG_INFO = NO;
				MTL_FAST_MATH = YES;
				SDKROOT = iphoneos;
				VALIDATE_PRODUCT = YES;
			};
			name = Release;
		};
		3357E8342CF2470800C989A0 /* Debug */ = {
			isa = XCBuildConfiguration;
			buildSettings = {
				ASSETCATALOG_COMPILER_APPICON_NAME = AppIcon;
				ASSETCATALOG_COMPILER_GLOBAL_ACCENT_COLOR_NAME = AccentColor;
				CODE_SIGN_STYLE = Automatic;
				CURRENT_PROJECT_VERSION = 1;
				DEVELOPMENT_TEAM = D5F8F6LLMB;
				GENERATE_INFOPLIST_FILE = YES;
				INFOPLIST_FILE = "text-maker/Info.plist";
				INFOPLIST_KEY_UIApplicationSupportsIndirectInputEvents = YES;
				INFOPLIST_KEY_UILaunchStoryboardName = LaunchScreen;
				INFOPLIST_KEY_UIMainStoryboardFile = Main;
				INFOPLIST_KEY_UISupportedInterfaceOrientations_iPad = "UIInterfaceOrientationPortrait UIInterfaceOrientationPortraitUpsideDown UIInterfaceOrientationLandscapeLeft UIInterfaceOrientationLandscapeRight";
				INFOPLIST_KEY_UISupportedInterfaceOrientations_iPhone = "UIInterfaceOrientationPortrait UIInterfaceOrientationLandscapeLeft UIInterfaceOrientationLandscapeRight";
				LD_RUNPATH_SEARCH_PATHS = (
					"$(inherited)",
					"@executable_path/Frameworks",
				);
				MARKETING_VERSION = 1.0;
				PRODUCT_BUNDLE_IDENTIFIER = "com.thesocialinteraction.text-maker";
				PRODUCT_NAME = "$(TARGET_NAME)";
				SWIFT_EMIT_LOC_STRINGS = YES;
				TARGETED_DEVICE_FAMILY = "1,2";
			};
			name = Debug;
		};
		3357E8352CF2470800C989A0 /* Release */ = {
			isa = XCBuildConfiguration;
			buildSettings = {
				ASSETCATALOG_COMPILER_APPICON_NAME = AppIcon;
				ASSETCATALOG_COMPILER_GLOBAL_ACCENT_COLOR_NAME = AccentColor;
				CODE_SIGN_STYLE = Automatic;
				CURRENT_PROJECT_VERSION = 1;
				DEVELOPMENT_TEAM = D5F8F6LLMB;
				GENERATE_INFOPLIST_FILE = YES;
				INFOPLIST_FILE = "text-maker/Info.plist";
				INFOPLIST_KEY_UIApplicationSupportsIndirectInputEvents = YES;
				INFOPLIST_KEY_UILaunchStoryboardName = LaunchScreen;
				INFOPLIST_KEY_UIMainStoryboardFile = Main;
				INFOPLIST_KEY_UISupportedInterfaceOrientations_iPad = "UIInterfaceOrientationPortrait UIInterfaceOrientationPortraitUpsideDown UIInterfaceOrientationLandscapeLeft UIInterfaceOrientationLandscapeRight";
				INFOPLIST_KEY_UISupportedInterfaceOrientations_iPhone = "UIInterfaceOrientationPortrait UIInterfaceOrientationLandscapeLeft UIInterfaceOrientationLandscapeRight";
				LD_RUNPATH_SEARCH_PATHS = (
					"$(inherited)",
					"@executable_path/Frameworks",
				);
				MARKETING_VERSION = 1.0;
				PRODUCT_BUNDLE_IDENTIFIER = "com.thesocialinteraction.text-maker";
				PRODUCT_NAME = "$(TARGET_NAME)";
				SWIFT_EMIT_LOC_STRINGS = YES;
				TARGETED_DEVICE_FAMILY = "1,2";
			};
			name = Release;
		};
		3357E8372CF2470800C989A0 /* Debug */ = {
			isa = XCBuildConfiguration;
			buildSettings = {
				BUNDLE_LOADER = "$(TEST_HOST)";
				CODE_SIGN_STYLE = Automatic;
				CURRENT_PROJECT_VERSION = 1;
				DEVELOPMENT_TEAM = D5F8F6LLMB;
				GENERATE_INFOPLIST_FILE = YES;
				IPHONEOS_DEPLOYMENT_TARGET = 17.5;
				MARKETING_VERSION = 1.0;
				PRODUCT_BUNDLE_IDENTIFIER = "com.thesocialinteraction.text-makerTests";
				PRODUCT_NAME = "$(TARGET_NAME)";
				SWIFT_EMIT_LOC_STRINGS = NO;
				TARGETED_DEVICE_FAMILY = "1,2";
				TEST_HOST = "$(BUILT_PRODUCTS_DIR)/text-maker.app/$(BUNDLE_EXECUTABLE_FOLDER_PATH)/text-maker";
			};
			name = Debug;
		};
		3357E8382CF2470800C989A0 /* Release */ = {
			isa = XCBuildConfiguration;
			buildSettings = {
				BUNDLE_LOADER = "$(TEST_HOST)";
				CODE_SIGN_STYLE = Automatic;
				CURRENT_PROJECT_VERSION = 1;
				DEVELOPMENT_TEAM = D5F8F6LLMB;
				GENERATE_INFOPLIST_FILE = YES;
				IPHONEOS_DEPLOYMENT_TARGET = 17.5;
				MARKETING_VERSION = 1.0;
				PRODUCT_BUNDLE_IDENTIFIER = "com.thesocialinteraction.text-makerTests";
				PRODUCT_NAME = "$(TARGET_NAME)";
				SWIFT_EMIT_LOC_STRINGS = NO;
				TARGETED_DEVICE_FAMILY = "1,2";
				TEST_HOST = "$(BUILT_PRODUCTS_DIR)/text-maker.app/$(BUNDLE_EXECUTABLE_FOLDER_PATH)/text-maker";
			};
			name = Release;
		};
		3357E83A2CF2470800C989A0 /* Debug */ = {
			isa = XCBuildConfiguration;
			buildSettings = {
				CODE_SIGN_STYLE = Automatic;
				CURRENT_PROJECT_VERSION = 1;
				DEVELOPMENT_TEAM = D5F8F6LLMB;
				GENERATE_INFOPLIST_FILE = YES;
				MARKETING_VERSION = 1.0;
				PRODUCT_BUNDLE_IDENTIFIER = "com.thesocialinteraction.text-makerUITests";
				PRODUCT_NAME = "$(TARGET_NAME)";
				SWIFT_EMIT_LOC_STRINGS = NO;
				TARGETED_DEVICE_FAMILY = "1,2";
				TEST_TARGET_NAME = "text-maker";
			};
			name = Debug;
		};
		3357E83B2CF2470800C989A0 /* Release */ = {
			isa = XCBuildConfiguration;
			buildSettings = {
				CODE_SIGN_STYLE = Automatic;
				CURRENT_PROJECT_VERSION = 1;
				DEVELOPMENT_TEAM = D5F8F6LLMB;
				GENERATE_INFOPLIST_FILE = YES;
				MARKETING_VERSION = 1.0;
				PRODUCT_BUNDLE_IDENTIFIER = "com.thesocialinteraction.text-makerUITests";
				PRODUCT_NAME = "$(TARGET_NAME)";
				SWIFT_EMIT_LOC_STRINGS = NO;
				TARGETED_DEVICE_FAMILY = "1,2";
				TEST_TARGET_NAME = "text-maker";
			};
			name = Release;
		};
/* End XCBuildConfiguration section */

/* Begin XCConfigurationList section */
		3357E7FF2CF2470400C989A0 /* Build configuration list for PBXProject "text-maker" */ = {
			isa = XCConfigurationList;
			buildConfigurations = (
				3357E8312CF2470800C989A0 /* Debug */,
				3357E8322CF2470800C989A0 /* Release */,
			);
			defaultConfigurationIsVisible = 0;
			defaultConfigurationName = Release;
		};
		3357E8332CF2470800C989A0 /* Build configuration list for PBXNativeTarget "text-maker" */ = {
			isa = XCConfigurationList;
			buildConfigurations = (
				3357E8342CF2470800C989A0 /* Debug */,
				3357E8352CF2470800C989A0 /* Release */,
			);
			defaultConfigurationIsVisible = 0;
			defaultConfigurationName = Release;
		};
		3357E8362CF2470800C989A0 /* Build configuration list for PBXNativeTarget "text-makerTests" */ = {
			isa = XCConfigurationList;
			buildConfigurations = (
				3357E8372CF2470800C989A0 /* Debug */,
				3357E8382CF2470800C989A0 /* Release */,
			);
			defaultConfigurationIsVisible = 0;
			defaultConfigurationName = Release;
		};
		3357E8392CF2470800C989A0 /* Build configuration list for PBXNativeTarget "text-makerUITests" */ = {
			isa = XCConfigurationList;
			buildConfigurations = (
				3357E83A2CF2470800C989A0 /* Debug */,
				3357E83B2CF2470800C989A0 /* Release */,
			);
			defaultConfigurationIsVisible = 0;
			defaultConfigurationName = Release;
		};
/* End XCConfigurationList section */
	};
	rootObject = 3357E7FC2CF2470400C989A0 /* Project object */;
}
